
Microsoft Visual Studio Solution File, Format Version 12.00
Project("{FAE04EC0-301F-11D3-BF4B-00C04F79EFBC}") = "EtyTool", "EtyTool.csproj", "{DC302A6F-EAAB-4CCC-B0B7-E33F999A08DE}"
EndProject
Project("{2150E333-8FDC-42A3-9474-1A3956D46DE8}") = "Solution Items", "Solution Items", "{34A1CC43-4779-4354-8D77-59FF3D398532}"
EndProject
Global
	GlobalSection(SolutionConfigurationPlatforms) = preSolution
		Debug|Any CPU = Debug|Any CPU
		Release|Any CPU = Release|Any CPU
	EndGlobalSection
	GlobalSection(ProjectConfigurationPlatforms) = postSolution
		{DC302A6F-EAAB-4CCC-B0B7-E33F999A08DE}.Debug|Any CPU.ActiveCfg = Debug|Any CPU
		{DC302A6F-EAAB-4CCC-B0B7-E33F999A08DE}.Debug|Any CPU.Build.0 = Debug|Any CPU
		{DC302A6F-EAAB-4CCC-B0B7-E33F999A08DE}.Release|Any CPU.ActiveCfg = Release|Any CPU
		{DC302A6F-EAAB-4CCC-B0B7-E33F999A08DE}.Release|Any CPU.Build.0 = Release|Any CPU
	EndGlobalSection
	GlobalSection(NestedProjects) = preSolution
	EndGlobalSection
EndGlobal
